
Microsoft Visual Studio Solution File, Format Version 12.00
# Visual Studio 15
VisualStudioVersion = 15.0.26403.7
MinimumVisualStudioVersion = 10.0.40219.1
Project("{FAE04EC0-301F-11D3-BF4B-00C04F79EFBC}") = "MonkeyHubApp.Android", "MonkeyHubApp\MonkeyHubApp.Android\MonkeyHubApp.Android.csproj", "{07B72BE4-BD19-4ED6-9380-03F74A12432C}"
EndProject
Project("{FAE04EC0-301F-11D3-BF4B-00C04F79EFBC}") = "MonkeyHubApp", "MonkeyHubApp\MonkeyHubApp\MonkeyHubApp.csproj", "{7CCE7DDD-9A25-4137-94E0-FE9630EF2549}"
EndProject
Project("{FAE04EC0-301F-11D3-BF4B-00C04F79EFBC}") = "MonkeyHubApp.UWP", "MonkeyHubApp\MonkeyHubApp.UWP\MonkeyHubApp.UWP.csproj", "{26CA3C07-C4F6-446E-92F4-B446E1EF316C}"
EndProject
Project("{FAE04EC0-301F-11D3-BF4B-00C04F79EFBC}") = "MonkeyHubApp.iOS", "MonkeyHubApp\MonkeyHubApp.iOS\MonkeyHubApp.iOS.csproj", "{E8CF07A4-79BD-4F5B-BDBC-C9F23C7A8505}"
EndProject
Global
	GlobalSection(SolutionConfigurationPlatforms) = preSolution
		Ad-Hoc|Any CPU = Ad-Hoc|Any CPU
		Ad-Hoc|ARM = Ad-Hoc|ARM
		Ad-Hoc|iPhone = Ad-Hoc|iPhone
		Ad-Hoc|iPhoneSimulator = Ad-Hoc|iPhoneSimulator
		Ad-Hoc|x64 = Ad-Hoc|x64
		Ad-Hoc|x86 = Ad-Hoc|x86
		AppStore|Any CPU = AppStore|Any CPU
		AppStore|ARM = AppStore|ARM
		AppStore|iPhone = AppStore|iPhone
		AppStore|iPhoneSimulator = AppStore|iPhoneSimulator
		AppStore|x64 = AppStore|x64
		AppStore|x86 = AppStore|x86
		Debug|Any CPU = Debug|Any CPU
		Debug|ARM = Debug|ARM
		Debug|iPhone = Debug|iPhone
		Debug|iPhoneSimulator = Debug|iPhoneSimulator
		Debug|x64 = Debug|x64
		Debug|x86 = Debug|x86
		Release|Any CPU = Release|Any CPU
		Release|ARM = Release|ARM
		Release|iPhone = Release|iPhone
		Release|iPhoneSimulator = Release|iPhoneSimulator
		Release|x64 = Release|x64
		Release|x86 = Release|x86
	EndGlobalSection
	GlobalSection(ProjectConfigurationPlatforms) = postSolution
		{07B72BE4-BD19-4ED6-9380-03F74A12432C}.Ad-Hoc|Any CPU.ActiveCfg = Release|Any CPU
		{07B72BE4-BD19-4ED6-9380-03F74A12432C}.Ad-Hoc|Any CPU.Build.0 = Release|Any CPU
		{07B72BE4-BD19-4ED6-9380-03F74A12432C}.Ad-Hoc|Any CPU.Deploy.0 = Release|Any CPU
		{07B72BE4-BD19-4ED6-9380-03F74A12432C}.Ad-Hoc|ARM.ActiveCfg = Release|Any CPU
		{07B72BE4-BD19-4ED6-9380-03F74A12432C}.Ad-Hoc|ARM.Build.0 = Release|Any CPU
		{07B72BE4-BD19-4ED6-9380-03F74A12432C}.Ad-Hoc|ARM.Deploy.0 = Release|Any CPU
		{07B72BE4-BD19-4ED6-9380-03F74A12432C}.Ad-Hoc|iPhone.ActiveCfg = Release|Any CPU
		{07B72BE4-BD19-4ED6-9380-03F74A12432C}.Ad-Hoc|iPhone.Build.0 = Release|Any CPU
		{07B72BE4-BD19-4ED6-9380-03F74A12432C}.Ad-Hoc|iPhone.Deploy.0 = Release|Any CPU
		{07B72BE4-BD19-4ED6-9380-03F74A12432C}.Ad-Hoc|iPhoneSimulator.ActiveCfg = Release|Any CPU
		{07B72BE4-BD19-4ED6-9380-03F74A12432C}.Ad-Hoc|iPhoneSimulator.Build.0 = Release|Any CPU
		{07B72BE4-BD19-4ED6-9380-03F74A12432C}.Ad-Hoc|iPhoneSimulator.Deploy.0 = Release|Any CPU
		{07B72BE4-BD19-4ED6-9380-03F74A12432C}.Ad-Hoc|x64.ActiveCfg = Release|Any CPU
		{07B72BE4-BD19-4ED6-9380-03F74A12432C}.Ad-Hoc|x64.Build.0 = Release|Any CPU
		{07B72BE4-BD19-4ED6-9380-03F74A12432C}.Ad-Hoc|x64.Deploy.0 = Release|Any CPU
		{07B72BE4-BD19-4ED6-9380-03F74A12432C}.Ad-Hoc|x86.ActiveCfg = Release|Any CPU
		{07B72BE4-BD19-4ED6-9380-03F74A12432C}.Ad-Hoc|x86.Build.0 = Release|Any CPU
		{07B72BE4-BD19-4ED6-9380-03F74A12432C}.Ad-Hoc|x86.Deploy.0 = Release|Any CPU
		{07B72BE4-BD19-4ED6-9380-03F74A12432C}.AppStore|Any CPU.ActiveCfg = Release|Any CPU
		{07B72BE4-BD19-4ED6-9380-03F74A12432C}.AppStore|Any CPU.Build.0 = Release|Any CPU
		{07B72BE4-BD19-4ED6-9380-03F74A12432C}.AppStore|Any CPU.Deploy.0 = Release|Any CPU
		{07B72BE4-BD19-4ED6-9380-03F74A12432C}.AppStore|ARM.ActiveCfg = Release|Any CPU
		{07B72BE4-BD19-4ED6-9380-03F74A12432C}.AppStore|ARM.Build.0 = Release|Any CPU
		{07B72BE4-BD19-4ED6-9380-03F74A12432C}.AppStore|ARM.Deploy.0 = Release|Any CPU
		{07B72BE4-BD19-4ED6-9380-03F74A12432C}.AppStore|iPhone.ActiveCfg = Release|Any CPU
		{07B72BE4-BD19-4ED6-9380-03F74A12432C}.AppStore|iPhone.Build.0 = Release|Any CPU
		{07B72BE4-BD19-4ED6-9380-03F74A12432C}.AppStore|iPhone.Deploy.0 = Release|Any CPU
		{07B72BE4-BD19-4ED6-9380-03F74A12432C}.AppStore|iPhoneSimulator.ActiveCfg = Release|Any CPU
		{07B72BE4-BD19-4ED6-9380-03F74A12432C}.AppStore|iPhoneSimulator.Build.0 = Release|Any CPU
		{07B72BE4-BD19-4ED6-9380-03F74A12432C}.AppStore|iPhoneSimulator.Deploy.0 = Release|Any CPU
		{07B72BE4-BD19-4ED6-9380-03F74A12432C}.AppStore|x64.ActiveCfg = Release|Any CPU
		{07B72BE4-BD19-4ED6-9380-03F74A12432C}.AppStore|x64.Build.0 = Release|Any CPU
		{07B72BE4-BD19-4ED6-9380-03F74A12432C}.AppStore|x64.Deploy.0 = Release|Any CPU
		{07B72BE4-BD19-4ED6-9380-03F74A12432C}.AppStore|x86.ActiveCfg = Release|Any CPU
		{07B72BE4-BD19-4ED6-9380-03F74A12432C}.AppStore|x86.Build.0 = Release|Any CPU
		{07B72BE4-BD19-4ED6-9380-03F74A12432C}.AppStore|x86.Deploy.0 = Release|Any CPU
		{07B72BE4-BD19-4ED6-9380-03F74A12432C}.Debug|Any CPU.ActiveCfg = Debug|Any CPU
		{07B72BE4-BD19-4ED6-9380-03F74A12432C}.Debug|Any CPU.Build.0 = Debug|Any CPU
		{07B72BE4-BD19-4ED6-9380-03F74A12432C}.Debug|Any CPU.Deploy.0 = Debug|Any CPU
		{07B72BE4-BD19-4ED6-9380-03F74A12432C}.Debug|ARM.ActiveCfg = Debug|Any CPU
		{07B72BE4-BD19-4ED6-9380-03F74A12432C}.Debug|ARM.Build.0 = Debug|Any CPU
		{07B72BE4-BD19-4ED6-9380-03F74A12432C}.Debug|ARM.Deploy.0 = Debug|Any CPU
		{07B72BE4-BD19-4ED6-9380-03F74A12432C}.Debug|iPhone.ActiveCfg = Debug|Any CPU
		{07B72BE4-BD19-4ED6-9380-03F74A12432C}.Debug|iPhone.Build.0 = Debug|Any CPU
		{07B72BE4-BD19-4ED6-9380-03F74A12432C}.Debug|iPhone.Deploy.0 = Debug|Any CPU
		{07B72BE4-BD19-4ED6-9380-03F74A12432C}.Debug|iPhoneSimulator.ActiveCfg = Debug|Any CPU
		{07B72BE4-BD19-4ED6-9380-03F74A12432C}.Debug|iPhoneSimulator.Build.0 = Debug|Any CPU
		{07B72BE4-BD19-4ED6-9380-03F74A12432C}.Debug|iPhoneSimulator.Deploy.0 = Debug|Any CPU
		{07B72BE4-BD19-4ED6-9380-03F74A12432C}.Debug|x64.ActiveCfg = Debug|Any CPU
		{07B72BE4-BD19-4ED6-9380-03F74A12432C}.Debug|x64.Build.0 = Debug|Any CPU
		{07B72BE4-BD19-4ED6-9380-03F74A12432C}.Debug|x64.Deploy.0 = Debug|Any CPU
		{07B72BE4-BD19-4ED6-9380-03F74A12432C}.Debug|x86.ActiveCfg = Debug|Any CPU
		{07B72BE4-BD19-4ED6-9380-03F74A12432C}.Debug|x86.Build.0 = Debug|Any CPU
		{07B72BE4-BD19-4ED6-9380-03F74A12432C}.Debug|x86.Deploy.0 = Debug|Any CPU
		{07B72BE4-BD19-4ED6-9380-03F74A12432C}.Release|Any CPU.ActiveCfg = Release|Any CPU
		{07B72BE4-BD19-4ED6-9380-03F74A12432C}.Release|Any CPU.Build.0 = Release|Any CPU
		{07B72BE4-BD19-4ED6-9380-03F74A12432C}.Release|Any CPU.Deploy.0 = Release|Any CPU
		{07B72BE4-BD19-4ED6-9380-03F74A12432C}.Release|ARM.ActiveCfg = Release|Any CPU
		{07B72BE4-BD19-4ED6-9380-03F74A12432C}.Release|ARM.Build.0 = Release|Any CPU
		{07B72BE4-BD19-4ED6-9380-03F74A12432C}.Release|ARM.Deploy.0 = Release|Any CPU
		{07B72BE4-BD19-4ED6-9380-03F74A12432C}.Release|iPhone.ActiveCfg = Release|Any CPU
		{07B72BE4-BD19-4ED6-9380-03F74A12432C}.Release|iPhone.Build.0 = Release|Any CPU
		{07B72BE4-BD19-4ED6-9380-03F74A12432C}.Release|iPhone.Deploy.0 = Release|Any CPU
		{07B72BE4-BD19-4ED6-9380-03F74A12432C}.Release|iPhoneSimulator.ActiveCfg = Release|Any CPU
		{07B72BE4-BD19-4ED6-9380-03F74A12432C}.Release|iPhoneSimulator.Build.0 = Release|Any CPU
		{07B72BE4-BD19-4ED6-9380-03F74A12432C}.Release|iPhoneSimulator.Deploy.0 = Release|Any CPU
		{07B72BE4-BD19-4ED6-9380-03F74A12432C}.Release|x64.ActiveCfg = Release|Any CPU
		{07B72BE4-BD19-4ED6-9380-03F74A12432C}.Release|x64.Build.0 = Release|Any CPU
		{07B72BE4-BD19-4ED6-9380-03F74A12432C}.Release|x64.Deploy.0 = Release|Any CPU
		{07B72BE4-BD19-4ED6-9380-03F74A12432C}.Release|x86.ActiveCfg = Release|Any CPU
		{07B72BE4-BD19-4ED6-9380-03F74A12432C}.Release|x86.Build.0 = Release|Any CPU
		{07B72BE4-BD19-4ED6-9380-03F74A12432C}.Release|x86.Deploy.0 = Release|Any CPU
		{7CCE7DDD-9A25-4137-94E0-FE9630EF2549}.Ad-Hoc|Any CPU.ActiveCfg = Release|Any CPU
		{7CCE7DDD-9A25-4137-94E0-FE9630EF2549}.Ad-Hoc|Any CPU.Build.0 = Release|Any CPU
		{7CCE7DDD-9A25-4137-94E0-FE9630EF2549}.Ad-Hoc|ARM.ActiveCfg = Release|Any CPU
		{7CCE7DDD-9A25-4137-94E0-FE9630EF2549}.Ad-Hoc|ARM.Build.0 = Release|Any CPU
		{7CCE7DDD-9A25-4137-94E0-FE9630EF2549}.Ad-Hoc|iPhone.ActiveCfg = Release|Any CPU
		{7CCE7DDD-9A25-4137-94E0-FE9630EF2549}.Ad-Hoc|iPhone.Build.0 = Release|Any CPU
		{7CCE7DDD-9A25-4137-94E0-FE9630EF2549}.Ad-Hoc|iPhoneSimulator.ActiveCfg = Release|Any CPU
		{7CCE7DDD-9A25-4137-94E0-FE9630EF2549}.Ad-Hoc|iPhoneSimulator.Build.0 = Release|Any CPU
		{7CCE7DDD-9A25-4137-94E0-FE9630EF2549}.Ad-Hoc|x64.ActiveCfg = Release|Any CPU
		{7CCE7DDD-9A25-4137-94E0-FE9630EF2549}.Ad-Hoc|x64.Build.0 = Release|Any CPU
		{7CCE7DDD-9A25-4137-94E0-FE9630EF2549}.Ad-Hoc|x86.ActiveCfg = Release|Any CPU
		{7CCE7DDD-9A25-4137-94E0-FE9630EF2549}.Ad-Hoc|x86.Build.0 = Release|Any CPU
		{7CCE7DDD-9A25-4137-94E0-FE9630EF2549}.AppStore|Any CPU.ActiveCfg = Release|Any CPU
		{7CCE7DDD-9A25-4137-94E0-FE9630EF2549}.AppStore|Any CPU.Build.0 = Release|Any CPU
		{7CCE7DDD-9A25-4137-94E0-FE9630EF2549}.AppStore|ARM.ActiveCfg = Release|Any CPU
		{7CCE7DDD-9A25-4137-94E0-FE9630EF2549}.AppStore|ARM.Build.0 = Release|Any CPU
		{7CCE7DDD-9A25-4137-94E0-FE9630EF2549}.AppStore|iPhone.ActiveCfg = Release|Any CPU
		{7CCE7DDD-9A25-4137-94E0-FE9630EF2549}.AppStore|iPhone.Build.0 = Release|Any CPU
		{7CCE7DDD-9A25-4137-94E0-FE9630EF2549}.AppStore|iPhoneSimulator.ActiveCfg = Release|Any CPU
		{7CCE7DDD-9A25-4137-94E0-FE9630EF2549}.AppStore|iPhoneSimulator.Build.0 = Release|Any CPU
		{7CCE7DDD-9A25-4137-94E0-FE9630EF2549}.AppStore|x64.ActiveCfg = Release|Any CPU
		{7CCE7DDD-9A25-4137-94E0-FE9630EF2549}.AppStore|x64.Build.0 = Release|Any CPU
		{7CCE7DDD-9A25-4137-94E0-FE9630EF2549}.AppStore|x86.ActiveCfg = Release|Any CPU
		{7CCE7DDD-9A25-4137-94E0-FE9630EF2549}.AppStore|x86.Build.0 = Release|Any CPU
		{7CCE7DDD-9A25-4137-94E0-FE9630EF2549}.Debug|Any CPU.ActiveCfg = Debug|Any CPU
		{7CCE7DDD-9A25-4137-94E0-FE9630EF2549}.Debug|Any CPU.Build.0 = Debug|Any CPU
		{7CCE7DDD-9A25-4137-94E0-FE9630EF2549}.Debug|ARM.ActiveCfg = Debug|Any CPU
		{7CCE7DDD-9A25-4137-94E0-FE9630EF2549}.Debug|ARM.Build.0 = Debug|Any CPU
		{7CCE7DDD-9A25-4137-94E0-FE9630EF2549}.Debug|iPhone.ActiveCfg = Debug|Any CPU
		{7CCE7DDD-9A25-4137-94E0-FE9630EF2549}.Debug|iPhone.Build.0 = Debug|Any CPU
		{7CCE7DDD-9A25-4137-94E0-FE9630EF2549}.Debug|iPhoneSimulator.ActiveCfg = Debug|Any CPU
		{7CCE7DDD-9A25-4137-94E0-FE9630EF2549}.Debug|iPhoneSimulator.Build.0 = Debug|Any CPU
		{7CCE7DDD-9A25-4137-94E0-FE9630EF2549}.Debug|x64.ActiveCfg = Debug|Any CPU
		{7CCE7DDD-9A25-4137-94E0-FE9630EF2549}.Debug|x64.Build.0 = Debug|Any CPU
		{7CCE7DDD-9A25-4137-94E0-FE9630EF2549}.Debug|x86.ActiveCfg = Debug|Any CPU
		{7CCE7DDD-9A25-4137-94E0-FE9630EF2549}.Debug|x86.Build.0 = Debug|Any CPU
		{7CCE7DDD-9A25-4137-94E0-FE9630EF2549}.Release|Any CPU.ActiveCfg = Release|Any CPU
		{7CCE7DDD-9A25-4137-94E0-FE9630EF2549}.Release|Any CPU.Build.0 = Release|Any CPU
		{7CCE7DDD-9A25-4137-94E0-FE9630EF2549}.Release|ARM.ActiveCfg = Release|Any CPU
		{7CCE7DDD-9A25-4137-94E0-FE9630EF2549}.Release|ARM.Build.0 = Release|Any CPU
		{7CCE7DDD-9A25-4137-94E0-FE9630EF2549}.Release|iPhone.ActiveCfg = Release|Any CPU
		{7CCE7DDD-9A25-4137-94E0-FE9630EF2549}.Release|iPhone.Build.0 = Release|Any CPU
		{7CCE7DDD-9A25-4137-94E0-FE9630EF2549}.Release|iPhoneSimulator.ActiveCfg = Release|Any CPU
		{7CCE7DDD-9A25-4137-94E0-FE9630EF2549}.Release|iPhoneSimulator.Build.0 = Release|Any CPU
		{7CCE7DDD-9A25-4137-94E0-FE9630EF2549}.Release|x64.ActiveCfg = Release|Any CPU
		{7CCE7DDD-9A25-4137-94E0-FE9630EF2549}.Release|x64.Build.0 = Release|Any CPU
		{7CCE7DDD-9A25-4137-94E0-FE9630EF2549}.Release|x86.ActiveCfg = Release|Any CPU
		{7CCE7DDD-9A25-4137-94E0-FE9630EF2549}.Release|x86.Build.0 = Release|Any CPU
		{26CA3C07-C4F6-446E-92F4-B446E1EF316C}.Ad-Hoc|Any CPU.ActiveCfg = Release|x86
		{26CA3C07-C4F6-446E-92F4-B446E1EF316C}.Ad-Hoc|Any CPU.Build.0 = Release|x86
		{26CA3C07-C4F6-446E-92F4-B446E1EF316C}.Ad-Hoc|Any CPU.Deploy.0 = Release|x86
		{26CA3C07-C4F6-446E-92F4-B446E1EF316C}.Ad-Hoc|ARM.ActiveCfg = Release|ARM
		{26CA3C07-C4F6-446E-92F4-B446E1EF316C}.Ad-Hoc|ARM.Build.0 = Release|ARM
		{26CA3C07-C4F6-446E-92F4-B446E1EF316C}.Ad-Hoc|ARM.Deploy.0 = Release|ARM
		{26CA3C07-C4F6-446E-92F4-B446E1EF316C}.Ad-Hoc|iPhone.ActiveCfg = Release|x86
		{26CA3C07-C4F6-446E-92F4-B446E1EF316C}.Ad-Hoc|iPhone.Build.0 = Release|x86
		{26CA3C07-C4F6-446E-92F4-B446E1EF316C}.Ad-Hoc|iPhone.Deploy.0 = Release|x86
		{26CA3C07-C4F6-446E-92F4-B446E1EF316C}.Ad-Hoc|iPhoneSimulator.ActiveCfg = Release|x86
		{26CA3C07-C4F6-446E-92F4-B446E1EF316C}.Ad-Hoc|iPhoneSimulator.Build.0 = Release|x86
		{26CA3C07-C4F6-446E-92F4-B446E1EF316C}.Ad-Hoc|iPhoneSimulator.Deploy.0 = Release|x86
		{26CA3C07-C4F6-446E-92F4-B446E1EF316C}.Ad-Hoc|x64.ActiveCfg = Release|x64
		{26CA3C07-C4F6-446E-92F4-B446E1EF316C}.Ad-Hoc|x64.Build.0 = Release|x64
		{26CA3C07-C4F6-446E-92F4-B446E1EF316C}.Ad-Hoc|x64.Deploy.0 = Release|x64
		{26CA3C07-C4F6-446E-92F4-B446E1EF316C}.Ad-Hoc|x86.ActiveCfg = Release|x86
		{26CA3C07-C4F6-446E-92F4-B446E1EF316C}.Ad-Hoc|x86.Build.0 = Release|x86
		{26CA3C07-C4F6-446E-92F4-B446E1EF316C}.Ad-Hoc|x86.Deploy.0 = Release|x86
		{26CA3C07-C4F6-446E-92F4-B446E1EF316C}.AppStore|Any CPU.ActiveCfg = Release|x86
		{26CA3C07-C4F6-446E-92F4-B446E1EF316C}.AppStore|Any CPU.Build.0 = Release|x86
		{26CA3C07-C4F6-446E-92F4-B446E1EF316C}.AppStore|Any CPU.Deploy.0 = Release|x86
		{26CA3C07-C4F6-446E-92F4-B446E1EF316C}.AppStore|ARM.ActiveCfg = Release|ARM
		{26CA3C07-C4F6-446E-92F4-B446E1EF316C}.AppStore|ARM.Build.0 = Release|ARM
		{26CA3C07-C4F6-446E-92F4-B446E1EF316C}.AppStore|ARM.Deploy.0 = Release|ARM
		{26CA3C07-C4F6-446E-92F4-B446E1EF316C}.AppStore|iPhone.ActiveCfg = Release|x86
		{26CA3C07-C4F6-446E-92F4-B446E1EF316C}.AppStore|iPhone.Build.0 = Release|x86
		{26CA3C07-C4F6-446E-92F4-B446E1EF316C}.AppStore|iPhone.Deploy.0 = Release|x86
		{26CA3C07-C4F6-446E-92F4-B446E1EF316C}.AppStore|iPhoneSimulator.ActiveCfg = Release|x86
		{26CA3C07-C4F6-446E-92F4-B446E1EF316C}.AppStore|iPhoneSimulator.Build.0 = Release|x86
		{26CA3C07-C4F6-446E-92F4-B446E1EF316C}.AppStore|iPhoneSimulator.Deploy.0 = Release|x86
		{26CA3C07-C4F6-446E-92F4-B446E1EF316C}.AppStore|x64.ActiveCfg = Release|x64
		{26CA3C07-C4F6-446E-92F4-B446E1EF316C}.AppStore|x64.Build.0 = Release|x64
		{26CA3C07-C4F6-446E-92F4-B446E1EF316C}.AppStore|x64.Deploy.0 = Release|x64
		{26CA3C07-C4F6-446E-92F4-B446E1EF316C}.AppStore|x86.ActiveCfg = Release|x86
		{26CA3C07-C4F6-446E-92F4-B446E1EF316C}.AppStore|x86.Build.0 = Release|x86
		{26CA3C07-C4F6-446E-92F4-B446E1EF316C}.AppStore|x86.Deploy.0 = Release|x86
		{26CA3C07-C4F6-446E-92F4-B446E1EF316C}.Debug|Any CPU.ActiveCfg = Debug|x86
		{26CA3C07-C4F6-446E-92F4-B446E1EF316C}.Debug|ARM.ActiveCfg = Debug|ARM
		{26CA3C07-C4F6-446E-92F4-B446E1EF316C}.Debug|ARM.Build.0 = Debug|ARM
		{26CA3C07-C4F6-446E-92F4-B446E1EF316C}.Debug|ARM.Deploy.0 = Debug|ARM
		{26CA3C07-C4F6-446E-92F4-B446E1EF316C}.Debug|iPhone.ActiveCfg = Debug|x86
		{26CA3C07-C4F6-446E-92F4-B446E1EF316C}.Debug|iPhoneSimulator.ActiveCfg = Debug|x86
		{26CA3C07-C4F6-446E-92F4-B446E1EF316C}.Debug|x64.ActiveCfg = Debug|x64
		{26CA3C07-C4F6-446E-92F4-B446E1EF316C}.Debug|x64.Build.0 = Debug|x64
		{26CA3C07-C4F6-446E-92F4-B446E1EF316C}.Debug|x64.Deploy.0 = Debug|x64
		{26CA3C07-C4F6-446E-92F4-B446E1EF316C}.Debug|x86.ActiveCfg = Debug|x86
		{26CA3C07-C4F6-446E-92F4-B446E1EF316C}.Debug|x86.Build.0 = Debug|x86
		{26CA3C07-C4F6-446E-92F4-B446E1EF316C}.Debug|x86.Deploy.0 = Debug|x86
		{26CA3C07-C4F6-446E-92F4-B446E1EF316C}.Release|Any CPU.ActiveCfg = Release|x86
		{26CA3C07-C4F6-446E-92F4-B446E1EF316C}.Release|ARM.ActiveCfg = Release|ARM
		{26CA3C07-C4F6-446E-92F4-B446E1EF316C}.Release|ARM.Build.0 = Release|ARM
		{26CA3C07-C4F6-446E-92F4-B446E1EF316C}.Release|ARM.Deploy.0 = Release|ARM
		{26CA3C07-C4F6-446E-92F4-B446E1EF316C}.Release|iPhone.ActiveCfg = Release|x86
		{26CA3C07-C4F6-446E-92F4-B446E1EF316C}.Release|iPhoneSimulator.ActiveCfg = Release|x86
		{26CA3C07-C4F6-446E-92F4-B446E1EF316C}.Release|x64.ActiveCfg = Release|x64
		{26CA3C07-C4F6-446E-92F4-B446E1EF316C}.Release|x64.Build.0 = Release|x64
		{26CA3C07-C4F6-446E-92F4-B446E1EF316C}.Release|x64.Deploy.0 = Release|x64
		{26CA3C07-C4F6-446E-92F4-B446E1EF316C}.Release|x86.ActiveCfg = Release|x86
		{26CA3C07-C4F6-446E-92F4-B446E1EF316C}.Release|x86.Build.0 = Release|x86
		{26CA3C07-C4F6-446E-92F4-B446E1EF316C}.Release|x86.Deploy.0 = Release|x86
		{E8CF07A4-79BD-4F5B-BDBC-C9F23C7A8505}.Ad-Hoc|Any CPU.ActiveCfg = Ad-Hoc|iPhone
		{E8CF07A4-79BD-4F5B-BDBC-C9F23C7A8505}.Ad-Hoc|ARM.ActiveCfg = Ad-Hoc|iPhone
		{E8CF07A4-79BD-4F5B-BDBC-C9F23C7A8505}.Ad-Hoc|iPhone.ActiveCfg = Ad-Hoc|iPhone
		{E8CF07A4-79BD-4F5B-BDBC-C9F23C7A8505}.Ad-Hoc|iPhone.Build.0 = Ad-Hoc|iPhone
		{E8CF07A4-79BD-4F5B-BDBC-C9F23C7A8505}.Ad-Hoc|iPhoneSimulator.ActiveCfg = Ad-Hoc|iPhoneSimulator
		{E8CF07A4-79BD-4F5B-BDBC-C9F23C7A8505}.Ad-Hoc|iPhoneSimulator.Build.0 = Ad-Hoc|iPhoneSimulator
		{E8CF07A4-79BD-4F5B-BDBC-C9F23C7A8505}.Ad-Hoc|x64.ActiveCfg = Ad-Hoc|iPhone
		{E8CF07A4-79BD-4F5B-BDBC-C9F23C7A8505}.Ad-Hoc|x86.ActiveCfg = Ad-Hoc|iPhone
		{E8CF07A4-79BD-4F5B-BDBC-C9F23C7A8505}.AppStore|Any CPU.ActiveCfg = AppStore|iPhone
		{E8CF07A4-79BD-4F5B-BDBC-C9F23C7A8505}.AppStore|ARM.ActiveCfg = AppStore|iPhone
		{E8CF07A4-79BD-4F5B-BDBC-C9F23C7A8505}.AppStore|iPhone.ActiveCfg = AppStore|iPhone
		{E8CF07A4-79BD-4F5B-BDBC-C9F23C7A8505}.AppStore|iPhone.Build.0 = AppStore|iPhone
		{E8CF07A4-79BD-4F5B-BDBC-C9F23C7A8505}.AppStore|iPhoneSimulator.ActiveCfg = AppStore|iPhoneSimulator
		{E8CF07A4-79BD-4F5B-BDBC-C9F23C7A8505}.AppStore|iPhoneSimulator.Build.0 = AppStore|iPhoneSimulator
		{E8CF07A4-79BD-4F5B-BDBC-C9F23C7A8505}.AppStore|x64.ActiveCfg = AppStore|iPhone
		{E8CF07A4-79BD-4F5B-BDBC-C9F23C7A8505}.AppStore|x86.ActiveCfg = AppStore|iPhone
		{E8CF07A4-79BD-4F5B-BDBC-C9F23C7A8505}.Debug|Any CPU.ActiveCfg = Debug|iPhone
		{E8CF07A4-79BD-4F5B-BDBC-C9F23C7A8505}.Debug|ARM.ActiveCfg = Debug|iPhone
		{E8CF07A4-79BD-4F5B-BDBC-C9F23C7A8505}.Debug|iPhone.ActiveCfg = Debug|iPhone
		{E8CF07A4-79BD-4F5B-BDBC-C9F23C7A8505}.Debug|iPhone.Build.0 = Debug|iPhone
		{E8CF07A4-79BD-4F5B-BDBC-C9F23C7A8505}.Debug|iPhoneSimulator.ActiveCfg = Debug|iPhoneSimulator
		{E8CF07A4-79BD-4F5B-BDBC-C9F23C7A8505}.Debug|iPhoneSimulator.Build.0 = Debug|iPhoneSimulator
		{E8CF07A4-79BD-4F5B-BDBC-C9F23C7A8505}.Debug|x64.ActiveCfg = Debug|iPhone
		{E8CF07A4-79BD-4F5B-BDBC-C9F23C7A8505}.Debug|x86.ActiveCfg = Debug|iPhone
		{E8CF07A4-79BD-4F5B-BDBC-C9F23C7A8505}.Release|Any CPU.ActiveCfg = Release|iPhone
		{E8CF07A4-79BD-4F5B-BDBC-C9F23C7A8505}.Release|ARM.ActiveCfg = Release|iPhone
		{E8CF07A4-79BD-4F5B-BDBC-C9F23C7A8505}.Release|iPhone.ActiveCfg = Release|iPhone
		{E8CF07A4-79BD-4F5B-BDBC-C9F23C7A8505}.Release|iPhone.Build.0 = Release|iPhone
		{E8CF07A4-79BD-4F5B-BDBC-C9F23C7A8505}.Release|iPhoneSimulator.ActiveCfg = Release|iPhoneSimulator
		{E8CF07A4-79BD-4F5B-BDBC-C9F23C7A8505}.Release|iPhoneSimulator.Build.0 = Release|iPhoneSimulator
		{E8CF07A4-79BD-4F5B-BDBC-C9F23C7A8505}.Release|x64.ActiveCfg = Release|iPhone
		{E8CF07A4-79BD-4F5B-BDBC-C9F23C7A8505}.Release|x86.ActiveCfg = Release|iPhone
	EndGlobalSection
	GlobalSection(SolutionProperties) = preSolution
		HideSolutionNode = FALSE
	EndGlobalSection
EndGlobal
